
Microsoft Visual Studio Solution File, Format Version 12.00
Project("{FAE04EC0-301F-11D3-BF4B-00C04F79EFBC}") = "Fedido.Server", "Fedido.Server\Fedido.Server.csproj", "{F50F2386-1EE7-449D-9041-FF0FB7A888FD}"
EndProject
Project("{2150E333-8FDC-42A3-9474-1A3956D46DE8}") = "Kubernetes", "Kubernetes", "{28BE88AC-EB4D-4AD5-A03F-A7D265A8BB26}"
	ProjectSection(SolutionItems) = preProject
		Kubernetes\ActivityPubServer-Deployment.yaml = Kubernetes\ActivityPubServer-Deployment.yaml
	EndProjectSection
EndProject
Project("{2150E333-8FDC-42A3-9474-1A3956D46DE8}") = "Pipelines", "Pipelines", "{90FB9E93-A793-40EC-9DA1-3069C055FDD4}"
	ProjectSection(SolutionItems) = preProject
		.github\workflows\Build.yaml = .github\workflows\Build.yaml
	EndProjectSection
EndProject
Project("{FAE04EC0-301F-11D3-BF4B-00C04F79EFBC}") = "Fedido.Server.Test", "Fedido.Server.Test\Fedido.Server.Test.csproj", "{30A1A52B-D1B7-42EF-B6AA-D0319C31BB2E}"
EndProject
Project("{2150E333-8FDC-42A3-9474-1A3956D46DE8}") = "GitHub", "GitHub", "{759CC4EE-4384-4C77-A7AE-9F41AD012364}"
	ProjectSection(SolutionItems) = preProject
		README.md = README.md
		CONTRIBUTING.md = CONTRIBUTING.md
		CODE_OF_CONDUCT.md = CODE_OF_CONDUCT.md
		LICENSE = LICENSE
	EndProjectSection
EndProject
Global
	GlobalSection(SolutionConfigurationPlatforms) = preSolution
		Debug|Any CPU = Debug|Any CPU
		Release|Any CPU = Release|Any CPU
	EndGlobalSection
	GlobalSection(ProjectConfigurationPlatforms) = postSolution
		{F50F2386-1EE7-449D-9041-FF0FB7A888FD}.Debug|Any CPU.ActiveCfg = Debug|Any CPU
		{F50F2386-1EE7-449D-9041-FF0FB7A888FD}.Debug|Any CPU.Build.0 = Debug|Any CPU
		{F50F2386-1EE7-449D-9041-FF0FB7A888FD}.Release|Any CPU.ActiveCfg = Release|Any CPU
		{F50F2386-1EE7-449D-9041-FF0FB7A888FD}.Release|Any CPU.Build.0 = Release|Any CPU
		{30A1A52B-D1B7-42EF-B6AA-D0319C31BB2E}.Debug|Any CPU.ActiveCfg = Debug|Any CPU
		{30A1A52B-D1B7-42EF-B6AA-D0319C31BB2E}.Debug|Any CPU.Build.0 = Debug|Any CPU
		{30A1A52B-D1B7-42EF-B6AA-D0319C31BB2E}.Release|Any CPU.ActiveCfg = Release|Any CPU
		{30A1A52B-D1B7-42EF-B6AA-D0319C31BB2E}.Release|Any CPU.Build.0 = Release|Any CPU
	EndGlobalSection
EndGlobal
