
Microsoft Visual Studio Solution File, Format Version 12.00
Project("{FAE04EC0-301F-11D3-BF4B-00C04F79EFBC}") = "ActivityPubServer", "ActivityPubServer\ActivityPubServer.csproj", "{F50F2386-1EE7-449D-9041-FF0FB7A888FD}"
EndProject
Global
	GlobalSection(SolutionConfigurationPlatforms) = preSolution
		Debug|Any CPU = Debug|Any CPU
		Release|Any CPU = Release|Any CPU
	EndGlobalSection
	GlobalSection(ProjectConfigurationPlatforms) = postSolution
		{F50F2386-1EE7-449D-9041-FF0FB7A888FD}.Debug|Any CPU.ActiveCfg = Debug|Any CPU
		{F50F2386-1EE7-449D-9041-FF0FB7A888FD}.Debug|Any CPU.Build.0 = Debug|Any CPU
		{F50F2386-1EE7-449D-9041-FF0FB7A888FD}.Release|Any CPU.ActiveCfg = Release|Any CPU
		{F50F2386-1EE7-449D-9041-FF0FB7A888FD}.Release|Any CPU.Build.0 = Release|Any CPU
	EndGlobalSection
EndGlobal
